
Microsoft Visual Studio Solution File, Format Version 12.00
# Visual Studio 15
VisualStudioVersion = 15.0.27428.1
MinimumVisualStudioVersion = 10.0.40219.1
Project("{FAE04EC0-301F-11D3-BF4B-00C04F79EFBC}") = "MyLibrary", "MyLibrary\MyLibrary.csproj", "{59E71152-B78E-4D31-8AEC-C78345822C99}"
EndProject
Project("{FAE04EC0-301F-11D3-BF4B-00C04F79EFBC}") = "MyLibrary.Tests", "MyLibrary.Tests\MyLibrary.Tests.csproj", "{AA52B473-BBAF-48DA-828C-6E10F619BCA5}"
EndProject
Project("{FAE04EC0-301F-11D3-BF4B-00C04F79EFBC}") = "MyLibrary.Model", "MyLibrary.Model\MyLibrary.Model.csproj", "{4CA7C4BE-0592-4AEB-B551-42AAEC5C5512}"
EndProject
Project("{FAE04EC0-301F-11D3-BF4B-00C04F79EFBC}") = "MyLibrary.Admin", "MyLibrary.Admin\MyLibrary.Admin.csproj", "{A807C4EF-F4D9-45E2-B7A0-60EBA99CC3D9}"
EndProject
Project("{FAE04EC0-301F-11D3-BF4B-00C04F79EFBC}") = "MyLibrary.Student", "MyLibrary.Student\MyLibrary.Student.csproj", "{4A93E773-E970-4AC7-B8D9-A95508A893FB}"
EndProject
Project("{FAE04EC0-301F-11D3-BF4B-00C04F79EFBC}") = "MyLibrary.Student.Mvc", "MyLibrary.Student.Mvc\MyLibrary.Student.Mvc.csproj", "{07D56B15-7AD9-4681-B136-E0F8E8E49BA8}"
EndProject
Project("{FAE04EC0-301F-11D3-BF4B-00C04F79EFBC}") = "MyLibrary.Book", "MyLibrary.Book\MyLibrary.Book.csproj", "{AC66C253-3E5C-4212-ADF8-CBE2FD76E578}"
EndProject
Project("{FAE04EC0-301F-11D3-BF4B-00C04F79EFBC}") = "MyLibrary.Book.Mvc", "MyLibrary.Book.Mvc\MyLibrary.Book.Mvc.csproj", "{EEDADC3F-16E3-4CAF-8CB9-2168ABE85CE1}"
EndProject
Project("{FAE04EC0-301F-11D3-BF4B-00C04F79EFBC}") = "MyLibrary.Borrowing", "MyLibrary.Borrowing\MyLibrary.Borrowing.csproj", "{C24521C7-1375-41AE-AB45-5A45DACB93B5}"
EndProject
Project("{FAE04EC0-301F-11D3-BF4B-00C04F79EFBC}") = "MyLibrary.Borrowing.Mvc", "MyLibrary.Borrowing.Mvc\MyLibrary.Borrowing.Mvc.csproj", "{E56F2609-1051-4E74-94CE-DCC292F17782}"
EndProject
Global
	GlobalSection(SolutionConfigurationPlatforms) = preSolution
		Debug|Any CPU = Debug|Any CPU
		Release|Any CPU = Release|Any CPU
	EndGlobalSection
	GlobalSection(ProjectConfigurationPlatforms) = postSolution
		{59E71152-B78E-4D31-8AEC-C78345822C99}.Debug|Any CPU.ActiveCfg = Debug|Any CPU
		{59E71152-B78E-4D31-8AEC-C78345822C99}.Debug|Any CPU.Build.0 = Debug|Any CPU
		{59E71152-B78E-4D31-8AEC-C78345822C99}.Release|Any CPU.ActiveCfg = Release|Any CPU
		{59E71152-B78E-4D31-8AEC-C78345822C99}.Release|Any CPU.Build.0 = Release|Any CPU
		{AA52B473-BBAF-48DA-828C-6E10F619BCA5}.Debug|Any CPU.ActiveCfg = Debug|Any CPU
		{AA52B473-BBAF-48DA-828C-6E10F619BCA5}.Debug|Any CPU.Build.0 = Debug|Any CPU
		{AA52B473-BBAF-48DA-828C-6E10F619BCA5}.Release|Any CPU.ActiveCfg = Release|Any CPU
		{AA52B473-BBAF-48DA-828C-6E10F619BCA5}.Release|Any CPU.Build.0 = Release|Any CPU
		{4CA7C4BE-0592-4AEB-B551-42AAEC5C5512}.Debug|Any CPU.ActiveCfg = Debug|Any CPU
		{4CA7C4BE-0592-4AEB-B551-42AAEC5C5512}.Debug|Any CPU.Build.0 = Debug|Any CPU
		{4CA7C4BE-0592-4AEB-B551-42AAEC5C5512}.Release|Any CPU.ActiveCfg = Release|Any CPU
		{4CA7C4BE-0592-4AEB-B551-42AAEC5C5512}.Release|Any CPU.Build.0 = Release|Any CPU
		{A807C4EF-F4D9-45E2-B7A0-60EBA99CC3D9}.Debug|Any CPU.ActiveCfg = Debug|Any CPU
		{A807C4EF-F4D9-45E2-B7A0-60EBA99CC3D9}.Debug|Any CPU.Build.0 = Debug|Any CPU
		{A807C4EF-F4D9-45E2-B7A0-60EBA99CC3D9}.Release|Any CPU.ActiveCfg = Release|Any CPU
		{A807C4EF-F4D9-45E2-B7A0-60EBA99CC3D9}.Release|Any CPU.Build.0 = Release|Any CPU
		{4A93E773-E970-4AC7-B8D9-A95508A893FB}.Debug|Any CPU.ActiveCfg = Debug|Any CPU
		{4A93E773-E970-4AC7-B8D9-A95508A893FB}.Debug|Any CPU.Build.0 = Debug|Any CPU
		{4A93E773-E970-4AC7-B8D9-A95508A893FB}.Release|Any CPU.ActiveCfg = Release|Any CPU
		{4A93E773-E970-4AC7-B8D9-A95508A893FB}.Release|Any CPU.Build.0 = Release|Any CPU
		{07D56B15-7AD9-4681-B136-E0F8E8E49BA8}.Debug|Any CPU.ActiveCfg = Debug|Any CPU
		{07D56B15-7AD9-4681-B136-E0F8E8E49BA8}.Debug|Any CPU.Build.0 = Debug|Any CPU
		{07D56B15-7AD9-4681-B136-E0F8E8E49BA8}.Release|Any CPU.ActiveCfg = Release|Any CPU
		{07D56B15-7AD9-4681-B136-E0F8E8E49BA8}.Release|Any CPU.Build.0 = Release|Any CPU
		{AC66C253-3E5C-4212-ADF8-CBE2FD76E578}.Debug|Any CPU.ActiveCfg = Debug|Any CPU
		{AC66C253-3E5C-4212-ADF8-CBE2FD76E578}.Debug|Any CPU.Build.0 = Debug|Any CPU
		{AC66C253-3E5C-4212-ADF8-CBE2FD76E578}.Release|Any CPU.ActiveCfg = Release|Any CPU
		{AC66C253-3E5C-4212-ADF8-CBE2FD76E578}.Release|Any CPU.Build.0 = Release|Any CPU
		{EEDADC3F-16E3-4CAF-8CB9-2168ABE85CE1}.Debug|Any CPU.ActiveCfg = Debug|Any CPU
		{EEDADC3F-16E3-4CAF-8CB9-2168ABE85CE1}.Debug|Any CPU.Build.0 = Debug|Any CPU
		{EEDADC3F-16E3-4CAF-8CB9-2168ABE85CE1}.Release|Any CPU.ActiveCfg = Release|Any CPU
		{EEDADC3F-16E3-4CAF-8CB9-2168ABE85CE1}.Release|Any CPU.Build.0 = Release|Any CPU
		{C24521C7-1375-41AE-AB45-5A45DACB93B5}.Debug|Any CPU.ActiveCfg = Debug|Any CPU
		{C24521C7-1375-41AE-AB45-5A45DACB93B5}.Debug|Any CPU.Build.0 = Debug|Any CPU
		{C24521C7-1375-41AE-AB45-5A45DACB93B5}.Release|Any CPU.ActiveCfg = Release|Any CPU
		{C24521C7-1375-41AE-AB45-5A45DACB93B5}.Release|Any CPU.Build.0 = Release|Any CPU
		{E56F2609-1051-4E74-94CE-DCC292F17782}.Debug|Any CPU.ActiveCfg = Debug|Any CPU
		{E56F2609-1051-4E74-94CE-DCC292F17782}.Debug|Any CPU.Build.0 = Debug|Any CPU
		{E56F2609-1051-4E74-94CE-DCC292F17782}.Release|Any CPU.ActiveCfg = Release|Any CPU
		{E56F2609-1051-4E74-94CE-DCC292F17782}.Release|Any CPU.Build.0 = Release|Any CPU
	EndGlobalSection
	GlobalSection(SolutionProperties) = preSolution
		HideSolutionNode = FALSE
	EndGlobalSection
	GlobalSection(ExtensibilityGlobals) = postSolution
		SolutionGuid = {9006D5C5-2206-48A8-8657-EAD5426E5113}
	EndGlobalSection
EndGlobal
